github.com/tommie/v8go/deps/android_amd64 v0.0.0-20231230100618-7370d03fcda3 h1:a4nMLaoseAYgEbWADFmEj6c06OiPvQsFUs24qNVSRbE=
github.com/tommie/v8go/deps/android_amd64 v0.0.0-20231230100618-7370d03fcda3/go.mod h1:P3Y430vJQICpWshYTlJ4F7d80w5CQfWG+y1Av72oYiI=
github.com/tommie/v8go/deps/android_amd64 v0.0.0-20231230103237-af527c0f9162 h1:CHOpv+ZL1edx5JYBp35VbToIc/Zve3+LvdPLogg/AW0=
github.com/tommie/v8go/deps/android_amd64 v0.0.0-20231230103237-af527c0f9162/go.mod h1:+SU4RWSqMXAx2oR/Gzkyc1YAG6F8SCzttMv3sZkh+qY=
github.com/tommie/v8go/deps/android_amd64 v0.0.0-20240302090806-30267dcc03a7 h1:hX9az7wN3RLwUV3eD0YhpxIv3ZRvYYdnp5EhGfCCUAY=
github.com/tommie/v8go/deps/android_amd64 v0.0.0-20240302090806-30267dcc03a7/go.mod h1:+SU4RWSqMXAx2oR/Gzkyc1YAG6F8SCzttMv3sZkh+qY=
github.com/tommie/v8go/deps/android_amd64 v0.0.0-20240306072336-ff4bbd736d33 h1:xF2qmqR37E1J5IWEOXZoB5sMvdJ95SFiDtyEujsibgs=
github.com/tommie/v8go/deps/android_amd64 v0.0.0-20240306072336-ff4bbd736d33/go.mod h1:+SU4RWSqMXAx2oR/Gzkyc1YAG6F8SCzttMv3sZkh+qY=
github.com/tommie/v8go/deps/android_amd64 v0.0.0-20240313093125-f028e28563f7 h1:E3bpzCa3BsqBbaHJO7xCC0DlIQPl3QD1z/WTIcXjRVk=
github.com/tommie/v8go/deps/android_amd64 v0.0.0-20240313093125-f028e28563f7/go.mod h1:+SU4RWSqMXAx2oR/Gzkyc1YAG6F8SCzttMv3sZkh+qY=
github.com/tommie/v8go/deps/android_amd64 v0.0.0-20240321110314-3f06c4185658 h1:CRScVjkYPeOiptSnxN5uKuX7m1wYPr3kd56ngjN67s8=
github.com/tommie/v8go/deps/android_amd64 v0.0.0-20240321110314-3f06c4185658/go.mod h1:+SU4RWSqMXAx2oR/Gzkyc1YAG6F8SCzttMv3sZkh+qY=
github.com/tommie/v8go/deps/android_amd64 v0.0.0-20240501150430-eeb2274ce183 h1:RmI75CsRbF/3DxdS39uTur0drS/DHKFrGjOSt0R/v84=
github.com/tommie/v8go/deps/android_amd64 v0.0.0-20240501150430-eeb2274ce183/go.mod h1:+SU4RWSqMXAx2oR/Gzkyc1YAG6F8SCzttMv3sZkh+qY=
github.com/tommie/v8go/deps/android_amd64 v0.0.0-20240717175338-34f5204ee7ad h1:vkoRALGjw0ngfeQdsCJgAUusmFIki6NWSd4lnDFaBEA=
github.com/tommie/v8go/deps/android_amd64 v0.0.0-20240717175338-34f5204ee7ad/go.mod h1:+SU4RWSqMXAx2oR/Gzkyc1YAG6F8SCzttMv3sZkh+qY=
github.com/tommie/v8go/deps/android_amd64 v0.0.0-20240724033838-9001ac2c1349 h1:BMd9VXC1he+o9O1tcF9Ti2yMMB2pynj6vHGXGRBTRXA=
github.com/tommie/v8go/deps/android_amd64 v0.0.0-20240724033838-9001ac2c1349/go.mod h1:+SU4RWSqMXAx2oR/Gzkyc1YAG6F8SCzttMv3sZkh+qY=
github.com/tommie/v8go/deps/android_amd64 v0.0.0-20240807034838-39b7df0ab20d h1:FdUebNI/SXk5BhXtC3BZddZMlZeW3SVtHdqv2ZSCntI=
github.com/tommie/v8go/deps/android_amd64 v0.0.0-20240807034838-39b7df0ab20d/go.mod h1:+SU4RWSqMXAx2oR/Gzkyc1YAG6F8SCzttMv3sZkh+qY=
github.com/tommie/v8go/deps/android_amd64 v0.0.0-20240918040548-62f574c958a7 h1:lyz7W/Hircoz8/17jlqRisZbB+cP7f6Eo9fq3Rwhua8=
github.com/tommie/v8go/deps/android_amd64 v0.0.0-20240918040548-62f574c958a7/go.mod h1:+SU4RWSqMXAx2oR/Gzkyc1YAG6F8SCzttMv3sZkh+qY=
github.com/tommie/v8go/deps/android_amd64 v0.0.0-20240925035243-d931985bce1a h1:uOe17XdG11jgjug2Y58V8XNg1AOzgyHcOo74yz7TSbE=
github.com/tommie/v8go/deps/android_amd64 v0.0.0-20240925035243-d931985bce1a/go.mod h1:+SU4RWSqMXAx2oR/Gzkyc1YAG6F8SCzttMv3sZkh+qY=
github.com/tommie/v8go/deps/android_amd64 v0.0.0-20241002195935-09cd34cc6941 h1:JXeyGv/1hlJhc/Bkk/9P69tT6GmGrqu1u1nymY4z+cM=
github.com/tommie/v8go/deps/android_amd64 v0.0.0-20241002195935-09cd34cc6941/go.mod h1:+SU4RWSqMXAx2oR/Gzkyc1YAG6F8SCzttMv3sZkh+qY=
github.com/tommie/v8go/deps/android_amd64 v0.0.0-20241009031011-60c6ece26e64 h1:SXGmWaL7afVKgzSwpgAdjvLUeelg6lb6gFSDtq4/3qM=
github.com/tommie/v8go/deps/android_amd64 v0.0.0-20241009031011-60c6ece26e64/go.mod h1:+SU4RWSqMXAx2oR/Gzkyc1YAG6F8SCzttMv3sZkh+qY=
github.com/tommie/v8go/deps/android_amd64 v0.0.0-20241016041625-dcaa1266e86d h1:0AlUH6fvu/bL4k/+W5dw60VQ3r1Us4hDGU5kFamzgfw=
github.com/tommie/v8go/deps/android_amd64 v0.0.0-20241016041625-dcaa1266e86d/go.mod h1:+SU4RWSqMXAx2oR/Gzkyc1YAG6F8SCzttMv3sZkh+qY=
github.com/tommie/v8go/deps/android_amd64 v0.0.0-20241022000900-7bf66debf377 h1:RtN0EVDNvZuzRfuOVDLlWFtPxk8JGgc/RmfT+tAI6qM=
github.com/tommie/v8go/deps/android_amd64 v0.0.0-20241022000900-7bf66debf377/go.mod h1:+SU4RWSqMXAx2oR/Gzkyc1YAG6F8SCzttMv3sZkh+qY=
github.com/tommie/v8go/deps/android_amd64 v0.0.0-20241023013435-d8e1c56d9e6a h1:0Rn3ONyQDVlPYMRFONWiq28syw6CBKifHoa/+DGaQls=
github.com/tommie/v8go/deps/android_amd64 v0.0.0-20241023013435-d8e1c56d9e6a/go.mod h1:+SU4RWSqMXAx2oR/Gzkyc1YAG6F8SCzttMv3sZkh+qY=
github.com/tommie/v8go/deps/android_amd64 v0.0.0-20241113041457-7fa174bc3d5d h1:kt5DwTavyQ/l6kbrFk2yIIzlYEab4DEtEfDEsDkqDoA=
github.com/tommie/v8go/deps/android_amd64 v0.0.0-20241113041457-7fa174bc3d5d/go.mod h1:+SU4RWSqMXAx2oR/Gzkyc1YAG6F8SCzttMv3sZkh+qY=
github.com/tommie/v8go/deps/android_amd64 v0.0.0-20241120014618-600b79efdaf9 h1:9jlyy6v2cps+3fLlF3bKzcM3rVnFnDJsdX50jzBUyXU=
github.com/tommie/v8go/deps/android_amd64 v0.0.0-20241120014618-600b79efdaf9/go.mod h1:+SU4RWSqMXAx2oR/Gzkyc1YAG6F8SCzttMv3sZkh+qY=
github.com/tommie/v8go/deps/android_amd64 v0.0.0-20241204042837-b89a2a1babcb h1:pwRTr74OgEUMOCWCQ8sQ3RTS4YuSzgK1e1X7O/Bn2Ko=
github.com/tommie/v8go/deps/android_amd64 v0.0.0-20241204042837-b89a2a1babcb/go.mod h1:+SU4RWSqMXAx2oR/Gzkyc1YAG6F8SCzttMv3sZkh+qY=
github.com/tommie/v8go/deps/android_amd64 v0.0.0-20241211041713-ef5be514183e h1:HwPlYKWVCfF5XuF7kruFZqFK0A4oYXleVY85nazEub4=
github.com/tommie/v8go/deps/android_amd64 v0.0.0-20241211041713-ef5be514183e/go.mod h1:+SU4RWSqMXAx2oR/Gzkyc1YAG6F8SCzttMv3sZkh+qY=
github.com/tommie/v8go/deps/android_amd64 v0.0.0-20241219041445-22cac2951eb8 h1:oinXbN7vTQ5N4RKaCojNAb2EeF82usAOFXQYl8GIBeU=
github.com/tommie/v8go/deps/android_amd64 v0.0.0-20241219041445-22cac2951eb8/go.mod h1:+SU4RWSqMXAx2oR/Gzkyc1YAG6F8SCzttMv3sZkh+qY=
github.com/tommie/v8go/deps/android_amd64 v0.0.0-20250108040153-ebd8a7128faf h1:mlkHnnio14ZXfHjEiMpgf/veipaFJShVGF+hVefNlWc=
github.com/tommie/v8go/deps/android_amd64 v0.0.0-20250108040153-ebd8a7128faf/go.mod h1:+SU4RWSqMXAx2oR/Gzkyc1YAG6F8SCzttMv3sZkh+qY=
github.com/tommie/v8go/deps/android_amd64 v0.0.0-20250210040321-50198612298a h1:i9GAcM/iksdskFnXG+DSZgECzhz2iEeoWjaUGK2OCZk=
github.com/tommie/v8go/deps/android_amd64 v0.0.0-20250210040321-50198612298a/go.mod h1:+SU4RWSqMXAx2oR/Gzkyc1YAG6F8SCzttMv3sZkh+qY=
github.com/tommie/v8go/deps/android_arm64 v0.0.0-20231230100618-7370d03fcda3 h1:J3kwUe2wvmJJKpzLxu0AtpOtxuUcj28USnSw+pG2hu4=
github.com/tommie/v8go/deps/android_arm64 v0.0.0-20231230100618-7370d03fcda3/go.mod h1:VoiPjUf1OwfkR/KS0D6PLF1axid06DuCptoyTkDKHiI=
github.com/tommie/v8go/deps/android_arm64 v0.0.0-20231230103237-af527c0f9162 h1:3xZ/z33BeyuORT+e7eJvN07L2SMnx9P9seBWbdBMUno=
github.com/tommie/v8go/deps/android_arm64 v0.0.0-20231230103237-af527c0f9162/go.mod h1:cR4ynUc528GmLCLOb3c1iM2d6qZ5DCVHh+eAD7sJDBQ=
github.com/tommie/v8go/deps/android_arm64 v0.0.0-20240302090806-30267dcc03a7 h1:wnV91RrGNO85AEuLHw192w0BfAJ8g3T8aWJHggVMUsU=
github.com/tommie/v8go/deps/android_arm64 v0.0.0-20240302090806-30267dcc03a7/go.mod h1:cR4ynUc528GmLCLOb3c1iM2d6qZ5DCVHh+eAD7sJDBQ=
github.com/tommie/v8go/deps/android_arm64 v0.0.0-20240306072336-ff4bbd736d33 h1:fxVhIS+oGYjsO1SykQj0SQG0uxzNEmVHEtN3LmBso34=
github.com/tommie/v8go/deps/android_arm64 v0.0.0-20240306072336-ff4bbd736d33/go.mod h1:cR4ynUc528GmLCLOb3c1iM2d6qZ5DCVHh+eAD7sJDBQ=
github.com/tommie/v8go/deps/android_arm64 v0.0.0-20240313093125-f028e28563f7 h1:77Sm05M5gLJYGAlvyA0cMOrifQmwN2GFFwCkh09nel0=
github.com/tommie/v8go/deps/android_arm64 v0.0.0-20240313093125-f028e28563f7/go.mod h1:cR4ynUc528GmLCLOb3c1iM2d6qZ5DCVHh+eAD7sJDBQ=
github.com/tommie/v8go/deps/android_arm64 v0.0.0-20240321110314-3f06c4185658 h1:fSi/qyKShLkkoE4hHIrgjzgOEn0aJ86m50TM1i9hQsg=
github.com/tommie/v8go/deps/android_arm64 v0.0.0-20240321110314-3f06c4185658/go.mod h1:cR4ynUc528GmLCLOb3c1iM2d6qZ5DCVHh+eAD7sJDBQ=
github.com/tommie/v8go/deps/android_arm64 v0.0.0-20240501150430-eeb2274ce183 h1:B04654ZCRSXWMHu1wZmxY5KbCqDj6b1S/xcBD5pC3w8=
github.com/tommie/v8go/deps/android_arm64 v0.0.0-20240501150430-eeb2274ce183/go.mod h1:cR4ynUc528GmLCLOb3c1iM2d6qZ5DCVHh+eAD7sJDBQ=
github.com/tommie/v8go/deps/android_arm64 v0.0.0-20240717175338-34f5204ee7ad h1:RG3RbKKOVCwaD/PItrQ3GKLikObagVon1Mp+hMW5B3g=
github.com/tommie/v8go/deps/android_arm64 v0.0.0-20240717175338-34f5204ee7ad/go.mod h1:cR4ynUc528GmLCLOb3c1iM2d6qZ5DCVHh+eAD7sJDBQ=
github.com/tommie/v8go/deps/android_arm64 v0.0.0-20240724033838-9001ac2c1349 h1:cMb67O8zragW9JGQvj3/hXBeswHLf9l1WdTmcvFLiPA=
github.com/tommie/v8go/deps/android_arm64 v0.0.0-20240724033838-9001ac2c1349/go.mod h1:cR4ynUc528GmLCLOb3c1iM2d6qZ5DCVHh+eAD7sJDBQ=
github.com/tommie/v8go/deps/android_arm64 v0.0.0-20240807034838-39b7df0ab20d h1:oW9aVyn6bMOrwK0dZyRRl4UG2ckBAFym8XHL1C5TQWY=
github.com/tommie/v8go/deps/android_arm64 v0.0.0-20240807034838-39b7df0ab20d/go.mod h1:cR4ynUc528GmLCLOb3c1iM2d6qZ5DCVHh+eAD7sJDBQ=
github.com/tommie/v8go/deps/android_arm64 v0.0.0-20240918040548-62f574c958a7 h1:2ctMDJLHvdbo+9rtujIBodWppwXV2JjQijx9UgD++dQ=
github.com/tommie/v8go/deps/android_arm64 v0.0.0-20240918040548-62f574c958a7/go.mod h1:cR4ynUc528GmLCLOb3c1iM2d6qZ5DCVHh+eAD7sJDBQ=
github.com/tommie/v8go/deps/android_arm64 v0.0.0-20240925035243-d931985bce1a h1:GRBjSwiQDG9iMiVh8KijzMjLmsJnFkMxnb81Z0CXlgk=
github.com/tommie/v8go/deps/android_arm64 v0.0.0-20240925035243-d931985bce1a/go.mod h1:cR4ynUc528GmLCLOb3c1iM2d6qZ5DCVHh+eAD7sJDBQ=
github.com/tommie/v8go/deps/android_arm64 v0.0.0-20241002195935-09cd34cc6941 h1:CKfcuryX8jp2ZyAAjPGCJdEiBEH/cKWoH74Th0NEbO8=
github.com/tommie/v8go/deps/android_arm64 v0.0.0-20241002195935-09cd34cc6941/go.mod h1:cR4ynUc528GmLCLOb3c1iM2d6qZ5DCVHh+eAD7sJDBQ=
github.com/tommie/v8go/deps/android_arm64 v0.0.0-20241009031011-60c6ece26e64 h1:fARnho/CRl+L4Wo4xFiJkkOVPTVRtxiHkw+CpdpO9dY=
github.com/tommie/v8go/deps/android_arm64 v0.0.0-20241009031011-60c6ece26e64/go.mod h1:cR4ynUc528GmLCLOb3c1iM2d6qZ5DCVHh+eAD7sJDBQ=
github.com/tommie/v8go/deps/android_arm64 v0.0.0-20241016041625-dcaa1266e86d h1:2Mz+8HBsnQ+6HRAkR7mLAjiUlCTucs/7v/tVQ99RGwQ=
github.com/tommie/v8go/deps/android_arm64 v0.0.0-20241016041625-dcaa1266e86d/go.mod h1:cR4ynUc528GmLCLOb3c1iM2d6qZ5DCVHh+eAD7sJDBQ=
github.com/tommie/v8go/deps/android_arm64 v0.0.0-20241022000900-7bf66debf377 h1:XmGi8zp7bANHCiKHj6/kwtFnUT4QR5St7I3qqbm0T/U=
github.com/tommie/v8go/deps/android_arm64 v0.0.0-20241022000900-7bf66debf377/go.mod h1:cR4ynUc528GmLCLOb3c1iM2d6qZ5DCVHh+eAD7sJDBQ=
github.com/tommie/v8go/deps/android_arm64 v0.0.0-20241023013435-d8e1c56d9e6a h1:Ox7LbIXvDA6wgti9Nlby0kyh4sg2HAVgVUebBXPkb1A=
github.com/tommie/v8go/deps/android_arm64 v0.0.0-20241023013435-d8e1c56d9e6a/go.mod h1:cR4ynUc528GmLCLOb3c1iM2d6qZ5DCVHh+eAD7sJDBQ=
github.com/tommie/v8go/deps/android_arm64 v0.0.0-20241113041457-7fa174bc3d5d h1:6ygJTThixu70A+8XWK9nN4Zu0dkcaMqTqF0s0u8nnM0=
github.com/tommie/v8go/deps/android_arm64 v0.0.0-20241113041457-7fa174bc3d5d/go.mod h1:cR4ynUc528GmLCLOb3c1iM2d6qZ5DCVHh+eAD7sJDBQ=
github.com/tommie/v8go/deps/android_arm64 v0.0.0-20241120014618-600b79efdaf9 h1:B47opi6wUPWETlClqSQZT2kB2adKP69iioZmp+c/TPU=
github.com/tommie/v8go/deps/android_arm64 v0.0.0-20241120014618-600b79efdaf9/go.mod h1:cR4ynUc528GmLCLOb3c1iM2d6qZ5DCVHh+eAD7sJDBQ=
github.com/tommie/v8go/deps/android_arm64 v0.0.0-20241204042837-b89a2a1babcb h1:RoVLl/9T6L8idWyr0T4zDwrbHFBPLBSCvEkZru1k9v4=
github.com/tommie/v8go/deps/android_arm64 v0.0.0-20241204042837-b89a2a1babcb/go.mod h1:cR4ynUc528GmLCLOb3c1iM2d6qZ5DCVHh+eAD7sJDBQ=
github.com/tommie/v8go/deps/android_arm64 v0.0.0-20241211041713-ef5be514183e h1:0xJHAfODz+5urwqcGJkykUvfkF1JMYJZ1wX816ZYn1I=
github.com/tommie/v8go/deps/android_arm64 v0.0.0-20241211041713-ef5be514183e/go.mod h1:cR4ynUc528GmLCLOb3c1iM2d6qZ5DCVHh+eAD7sJDBQ=
github.com/tommie/v8go/deps/android_arm64 v0.0.0-20241219041445-22cac2951eb8 h1:NQbTw/+nW/2CrRsPQ1PS5mec2HoCh129MY4ssTzBgPQ=
github.com/tommie/v8go/deps/android_arm64 v0.0.0-20241219041445-22cac2951eb8/go.mod h1:cR4ynUc528GmLCLOb3c1iM2d6qZ5DCVHh+eAD7sJDBQ=
github.com/tommie/v8go/deps/android_arm64 v0.0.0-20250108040153-ebd8a7128faf h1:JW/Rja4VSZ6Wkn/7QvhMEn1Yw18N1wNq+i9z+bPXLYQ=
github.com/tommie/v8go/deps/android_arm64 v0.0.0-20250108040153-ebd8a7128faf/go.mod h1:cR4ynUc528GmLCLOb3c1iM2d6qZ5DCVHh+eAD7sJDBQ=
github.com/tommie/v8go/deps/android_arm64 v0.0.0-20250210040321-50198612298a h1:iIk0yO8VOEX17E5oD54HsNbHqwtCHhDA17OxGqje32w=
github.com/tommie/v8go/deps/android_arm64 v0.0.0-20250210040321-50198612298a/go.mod h1:cR4ynUc528GmLCLOb3c1iM2d6qZ5DCVHh+eAD7sJDBQ=
github.com/tommie/v8go/deps/darwin_amd64 v0.0.0-20231230100618-7370d03fcda3 h1:jrg7Efoq74lZjPHtjJ/ak5FtV/Tp6LRZ8gew9dAR2cg=
github.com/tommie/v8go/deps/darwin_amd64 v0.0.0-20231230100618-7370d03fcda3/go.mod h1:rnquNHGZ2NABmOB0KxdkoZr2oaECO2XWOcgHqRO7P7Y=
github.com/tommie/v8go/deps/darwin_amd64 v0.0.0-20231230103237-af527c0f9162 h1:H3iQLbhHo0KVCtxbzgeO9PCRxuU2ZZ3pr7HGCpv/o4c=
github.com/tommie/v8go/deps/darwin_amd64 v0.0.0-20231230103237-af527c0f9162/go.mod h1:0qn9w9F7mniTrixPYggJNQQtpAkb9OKY3STy3SSEBi4=
github.com/tommie/v8go/deps/darwin_amd64 v0.0.0-20240302090806-30267dcc03a7 h1:286HbgRL0uyNHzg/4BUa92qo1G7Eot1s4J3cPJjZvYQ=
github.com/tommie/v8go/deps/darwin_amd64 v0.0.0-20240302090806-30267dcc03a7/go.mod h1:0qn9w9F7mniTrixPYggJNQQtpAkb9OKY3STy3SSEBi4=
github.com/tommie/v8go/deps/darwin_amd64 v0.0.0-20240306072336-ff4bbd736d33 h1:2pW9qnpWYJ/RzhE7KhU6oNfOgqC/HX/6F3lX75LJLAk=
github.com/tommie/v8go/deps/darwin_amd64 v0.0.0-20240306072336-ff4bbd736d33/go.mod h1:0qn9w9F7mniTrixPYggJNQQtpAkb9OKY3STy3SSEBi4=
github.com/tommie/v8go/deps/darwin_amd64 v0.0.0-20240313093125-f028e28563f7 h1:UodrDiaW1lydOd6LsAJfnl4N8nCIeAM/vC9AsEWCOe8=
github.com/tommie/v8go/deps/darwin_amd64 v0.0.0-20240313093125-f028e28563f7/go.mod h1:0qn9w9F7mniTrixPYggJNQQtpAkb9OKY3STy3SSEBi4=
github.com/tommie/v8go/deps/darwin_amd64 v0.0.0-20240321110314-3f06c4185658 h1:a9Eg3NEeI/w8JIsArSEF5uNWarf11weWl/AYStKa2a8=
github.com/tommie/v8go/deps/darwin_amd64 v0.0.0-20240321110314-3f06c4185658/go.mod h1:0qn9w9F7mniTrixPYggJNQQtpAkb9OKY3STy3SSEBi4=
github.com/tommie/v8go/deps/darwin_amd64 v0.0.0-20240501150430-eeb2274ce183 h1:3aTrD5hgMhWYTtDPvAp7yk0Et483Qv25jK8TkxUADP0=
github.com/tommie/v8go/deps/darwin_amd64 v0.0.0-20240501150430-eeb2274ce183/go.mod h1:0qn9w9F7mniTrixPYggJNQQtpAkb9OKY3STy3SSEBi4=
github.com/tommie/v8go/deps/darwin_amd64 v0.0.0-20240717175338-34f5204ee7ad h1:XhyIS3k90Bvsj8vWR+dd71AoSV+cJB55euE0kxaEQLE=
github.com/tommie/v8go/deps/darwin_amd64 v0.0.0-20240717175338-34f5204ee7ad/go.mod h1:0qn9w9F7mniTrixPYggJNQQtpAkb9OKY3STy3SSEBi4=
github.com/tommie/v8go/deps/darwin_amd64 v0.0.0-20240724033838-9001ac2c1349 h1:BPP+fFZwhuLWKHSMm3OTlV1zG6B2P4ZyeREejgUh9Kk=
github.com/tommie/v8go/deps/darwin_amd64 v0.0.0-20240724033838-9001ac2c1349/go.mod h1:0qn9w9F7mniTrixPYggJNQQtpAkb9OKY3STy3SSEBi4=
github.com/tommie/v8go/deps/darwin_amd64 v0.0.0-20240807034838-39b7df0ab20d h1:UnGrw4WaDYJe1vi5ysjyDXU6602JJEW5NNQrgLFfvxg=
github.com/tommie/v8go/deps/darwin_amd64 v0.0.0-20240807034838-39b7df0ab20d/go.mod h1:0qn9w9F7mniTrixPYggJNQQtpAkb9OKY3STy3SSEBi4=
github.com/tommie/v8go/deps/darwin_amd64 v0.0.0-20240918040548-62f574c958a7 h1:q7y6KCNpXYNjao/L8L5jvHUfNaplTJxYruwvEuYfAKY=
github.com/tommie/v8go/deps/darwin_amd64 v0.0.0-20240918040548-62f574c958a7/go.mod h1:0qn9w9F7mniTrixPYggJNQQtpAkb9OKY3STy3SSEBi4=
github.com/tommie/v8go/deps/darwin_amd64 v0.0.0-20240925035243-d931985bce1a h1:oz6bN3cG2FlpU8v3sI9j5te7I375V/pjKbJWj6hysyY=
github.com/tommie/v8go/deps/darwin_amd64 v0.0.0-20240925035243-d931985bce1a/go.mod h1:0qn9w9F7mniTrixPYggJNQQtpAkb9OKY3STy3SSEBi4=
github.com/tommie/v8go/deps/darwin_amd64 v0.0.0-20241002195935-09cd34cc6941 h1:94OuA9xyuYVqXkv+02AIALitJr+ELnDMTb/MzD7C1/0=
github.com/tommie/v8go/deps/darwin_amd64 v0.0.0-20241002195935-09cd34cc6941/go.mod h1:0qn9w9F7mniTrixPYggJNQQtpAkb9OKY3STy3SSEBi4=
github.com/tommie/v8go/deps/darwin_amd64 v0.0.0-20241009031011-60c6ece26e64 h1:e4o1kWE2SwInmiagXhebsEoze0UMW+1R63uDsOA8jbE=
github.com/tommie/v8go/deps/darwin_amd64 v0.0.0-20241009031011-60c6ece26e64/go.mod h1:0qn9w9F7mniTrixPYggJNQQtpAkb9OKY3STy3SSEBi4=
github.com/tommie/v8go/deps/darwin_amd64 v0.0.0-20241016041625-dcaa1266e86d h1:OUrFePpyQIulNKs0v7y3GOOS1Wr+eMEc9aJzJ0JqhBQ=
github.com/tommie/v8go/deps/darwin_amd64 v0.0.0-20241016041625-dcaa1266e86d/go.mod h1:0qn9w9F7mniTrixPYggJNQQtpAkb9OKY3STy3SSEBi4=
github.com/tommie/v8go/deps/darwin_amd64 v0.0.0-20241022000900-7bf66debf377 h1:plQyJVys42xphS2Xw2GB0tWpq0Ds7JjgFQr27iL7ecI=
github.com/tommie/v8go/deps/darwin_amd64 v0.0.0-20241022000900-7bf66debf377/go.mod h1:0qn9w9F7mniTrixPYggJNQQtpAkb9OKY3STy3SSEBi4=
github.com/tommie/v8go/deps/darwin_amd64 v0.0.0-20241023013435-d8e1c56d9e6a h1:FTn28FeHjTPc4Hz7npNhThtzCie9kt1m5EodLRHGPYU=
github.com/tommie/v8go/deps/darwin_amd64 v0.0.0-20241023013435-d8e1c56d9e6a/go.mod h1:0qn9w9F7mniTrixPYggJNQQtpAkb9OKY3STy3SSEBi4=
github.com/tommie/v8go/deps/darwin_amd64 v0.0.0-20241113041457-7fa174bc3d5d h1:IPjh00KoqDCTyZvWdKrEFgpJnmUVQ6HbX1K5shX51xg=
github.com/tommie/v8go/deps/darwin_amd64 v0.0.0-20241113041457-7fa174bc3d5d/go.mod h1:0qn9w9F7mniTrixPYggJNQQtpAkb9OKY3STy3SSEBi4=
github.com/tommie/v8go/deps/darwin_amd64 v0.0.0-20241120014618-600b79efdaf9 h1:0ktC/+997jH9n1gX4kTcPikooIkYuWkmM5FzPu6fTDU=
github.com/tommie/v8go/deps/darwin_amd64 v0.0.0-20241120014618-600b79efdaf9/go.mod h1:0qn9w9F7mniTrixPYggJNQQtpAkb9OKY3STy3SSEBi4=
github.com/tommie/v8go/deps/darwin_amd64 v0.0.0-20241204042837-b89a2a1babcb h1:l3qcK1WX1/pRsO7o957Yaxzxgn4wow/Pda1ozjG8+So=
github.com/tommie/v8go/deps/darwin_amd64 v0.0.0-20241204042837-b89a2a1babcb/go.mod h1:0qn9w9F7mniTrixPYggJNQQtpAkb9OKY3STy3SSEBi4=
github.com/tommie/v8go/deps/darwin_amd64 v0.0.0-20241211041713-ef5be514183e h1:+qRrrYHTtVafulLlRClD51GsPG5PWOQWhDmZ36lJ1CI=
github.com/tommie/v8go/deps/darwin_amd64 v0.0.0-20241211041713-ef5be514183e/go.mod h1:0qn9w9F7mniTrixPYggJNQQtpAkb9OKY3STy3SSEBi4=
github.com/tommie/v8go/deps/darwin_amd64 v0.0.0-20241219041445-22cac2951eb8 h1:l4mPOqVaa4JSgH/i33dC+idAtm51H4Zv63yIqRlaXDE=
github.com/tommie/v8go/deps/darwin_amd64 v0.0.0-20241219041445-22cac2951eb8/go.mod h1:0qn9w9F7mniTrixPYggJNQQtpAkb9OKY3STy3SSEBi4=
github.com/tommie/v8go/deps/darwin_amd64 v0.0.0-20250108040153-ebd8a7128faf h1:anWOdB1/BXfH5A+lj4PRDHQKDxQTDwaUFcS4Lr/k2rQ=
github.com/tommie/v8go/deps/darwin_amd64 v0.0.0-20250108040153-ebd8a7128faf/go.mod h1:0qn9w9F7mniTrixPYggJNQQtpAkb9OKY3STy3SSEBi4=
github.com/tommie/v8go/deps/darwin_amd64 v0.0.0-20250210040321-50198612298a h1:P7bQdAwX60fOh4f7iw+5Tf98/v8GofsyzdVNebcgvEw=
github.com/tommie/v8go/deps/darwin_amd64 v0.0.0-20250210040321-50198612298a/go.mod h1:0qn9w9F7mniTrixPYggJNQQtpAkb9OKY3STy3SSEBi4=
github.com/tommie/v8go/deps/darwin_arm64 v0.0.0-20231230100618-7370d03fcda3 h1:MbaHR6QuRkugLCSInzAAyCggSwmqz+KW3C92LaZNJm8=
github.com/tommie/v8go/deps/darwin_arm64 v0.0.0-20231230100618-7370d03fcda3/go.mod h1:nXZZ5Y/Nhe0guNiFf66Nfs4ELgYlOsyYx4gD1HnGIeA=
github.com/tommie/v8go/deps/darwin_arm64 v0.0.0-20231230103237-af527c0f9162 h1:Ittk3R4WqsCusgMcHHPk7xtx7UMMIgU9ASj86vZUf48=
github.com/tommie/v8go/deps/darwin_arm64 v0.0.0-20231230103237-af527c0f9162/go.mod h1:bd8hssu+JaGC4mIE9SukKia0TYs5v977mNodhgpJrdo=
github.com/tommie/v8go/deps/darwin_arm64 v0.0.0-20240302090806-30267dcc03a7 h1:9J9xJSJ9LPqgHURs620e7g0VNO/EDp0RgAff7BtLwH4=
github.com/tommie/v8go/deps/darwin_arm64 v0.0.0-20240302090806-30267dcc03a7/go.mod h1:bd8hssu+JaGC4mIE9SukKia0TYs5v977mNodhgpJrdo=
github.com/tommie/v8go/deps/darwin_arm64 v0.0.0-20240306072336-ff4bbd736d33 h1:zzaNLeCRdhDLVtIjwHHiXb/qqjPZbWKKiDy9PM1k2z8=
github.com/tommie/v8go/deps/darwin_arm64 v0.0.0-20240306072336-ff4bbd736d33/go.mod h1:bd8hssu+JaGC4mIE9SukKia0TYs5v977mNodhgpJrdo=
github.com/tommie/v8go/deps/darwin_arm64 v0.0.0-20240313093125-f028e28563f7 h1:igIvMxuvvR+1CDJG2GbbM2WBwZFC1LCqJuyemLZnLbo=
github.com/tommie/v8go/deps/darwin_arm64 v0.0.0-20240313093125-f028e28563f7/go.mod h1:bd8hssu+JaGC4mIE9SukKia0TYs5v977mNodhgpJrdo=
github.com/tommie/v8go/deps/darwin_arm64 v0.0.0-20240321110314-3f06c4185658 h1:8a7vZVN4/2imYarNuCtHTrUS7iE6XiCa6A4bkYx5gaE=
github.com/tommie/v8go/deps/darwin_arm64 v0.0.0-20240321110314-3f06c4185658/go.mod h1:bd8hssu+JaGC4mIE9SukKia0TYs5v977mNodhgpJrdo=
github.com/tommie/v8go/deps/darwin_arm64 v0.0.0-20240501150430-eeb2274ce183 h1:SuABheNzf8yW24ciDinoiPBbGXGgybyBCHov/EZU10g=
github.com/tommie/v8go/deps/darwin_arm64 v0.0.0-20240501150430-eeb2274ce183/go.mod h1:bd8hssu+JaGC4mIE9SukKia0TYs5v977mNodhgpJrdo=
github.com/tommie/v8go/deps/darwin_arm64 v0.0.0-20240717175338-34f5204ee7ad h1:/1X+UwDKJeM6HdAeJzNf+3gpndL8HljEUQMeP2PH1jc=
github.com/tommie/v8go/deps/darwin_arm64 v0.0.0-20240717175338-34f5204ee7ad/go.mod h1:bd8hssu+JaGC4mIE9SukKia0TYs5v977mNodhgpJrdo=
github.com/tommie/v8go/deps/darwin_arm64 v0.0.0-20240724033838-9001ac2c1349 h1:hvy/ugsBmga+0k09wqTzo3DafDZNeV5vzrzPDCnlO9g=
github.com/tommie/v8go/deps/darwin_arm64 v0.0.0-20240724033838-9001ac2c1349/go.mod h1:bd8hssu+JaGC4mIE9SukKia0TYs5v977mNodhgpJrdo=
github.com/tommie/v8go/deps/darwin_arm64 v0.0.0-20240807034838-39b7df0ab20d h1:rFDVhmh5NwaMvNtWYT35BzwCxNNJLthhmnkKyqR9X4E=
github.com/tommie/v8go/deps/darwin_arm64 v0.0.0-20240807034838-39b7df0ab20d/go.mod h1:bd8hssu+JaGC4mIE9SukKia0TYs5v977mNodhgpJrdo=
github.com/tommie/v8go/deps/darwin_arm64 v0.0.0-20240918040548-62f574c958a7 h1:/AtbYGGChxHU2NW+3PfuUOfXvdhmBssIEJ/uU4apiTo=
github.com/tommie/v8go/deps/darwin_arm64 v0.0.0-20240918040548-62f574c958a7/go.mod h1:bd8hssu+JaGC4mIE9SukKia0TYs5v977mNodhgpJrdo=
github.com/tommie/v8go/deps/darwin_arm64 v0.0.0-20240925035243-d931985bce1a h1:zTZ6SMDVfMiRusyAnXOU37oWUIzO4YhnreTSsYyspw4=
github.com/tommie/v8go/deps/darwin_arm64 v0.0.0-20240925035243-d931985bce1a/go.mod h1:bd8hssu+JaGC4mIE9SukKia0TYs5v977mNodhgpJrdo=
github.com/tommie/v8go/deps/darwin_arm64 v0.0.0-20241002195935-09cd34cc6941 h1:dKmERFvb+xZL0FKL8Fbl4FcMWKhWAU0ExWSwzVD50w8=
github.com/tommie/v8go/deps/darwin_arm64 v0.0.0-20241002195935-09cd34cc6941/go.mod h1:bd8hssu+JaGC4mIE9SukKia0TYs5v977mNodhgpJrdo=
github.com/tommie/v8go/deps/darwin_arm64 v0.0.0-20241009031011-60c6ece26e64 h1:f2YtbTe+pT7CQBtMldR+oD046PYUPyLC/xkBHQ6v3S0=
github.com/tommie/v8go/deps/darwin_arm64 v0.0.0-20241009031011-60c6ece26e64/go.mod h1:bd8hssu+JaGC4mIE9SukKia0TYs5v977mNodhgpJrdo=
github.com/tommie/v8go/deps/darwin_arm64 v0.0.0-20241016041625-dcaa1266e86d h1:TNmxOtUTe1obPvnMlT3x9n4Cu48bAuXvQQD4YA1Il3Y=
github.com/tommie/v8go/deps/darwin_arm64 v0.0.0-20241016041625-dcaa1266e86d/go.mod h1:bd8hssu+JaGC4mIE9SukKia0TYs5v977mNodhgpJrdo=
github.com/tommie/v8go/deps/darwin_arm64 v0.0.0-20241022000900-7bf66debf377 h1:UgCBbvsbhlkkXwXoMkw1qBdp9eoDjEuhDJU9WDsIP04=
github.com/tommie/v8go/deps/darwin_arm64 v0.0.0-20241022000900-7bf66debf377/go.mod h1:bd8hssu+JaGC4mIE9SukKia0TYs5v977mNodhgpJrdo=
github.com/tommie/v8go/deps/darwin_arm64 v0.0.0-20241023013435-d8e1c56d9e6a h1:vNQIDBgobAHgIEQzlP/TvlNFRLbZaK9UD2aYTnkMXtQ=
github.com/tommie/v8go/deps/darwin_arm64 v0.0.0-20241023013435-d8e1c56d9e6a/go.mod h1:bd8hssu+JaGC4mIE9SukKia0TYs5v977mNodhgpJrdo=
github.com/tommie/v8go/deps/darwin_arm64 v0.0.0-20241113041457-7fa174bc3d5d h1:N6XHVlm7KbZMwqMvo5cV6P46AwchsAG4MFOf8znv07g=
github.com/tommie/v8go/deps/darwin_arm64 v0.0.0-20241113041457-7fa174bc3d5d/go.mod h1:bd8hssu+JaGC4mIE9SukKia0TYs5v977mNodhgpJrdo=
github.com/tommie/v8go/deps/darwin_arm64 v0.0.0-20241120014618-600b79efdaf9 h1:stq4hbEyrivxd+GmzpvVE+9vqSiPeIH6R4MufGY2v4I=
github.com/tommie/v8go/deps/darwin_arm64 v0.0.0-20241120014618-600b79efdaf9/go.mod h1:bd8hssu+JaGC4mIE9SukKia0TYs5v977mNodhgpJrdo=
github.com/tommie/v8go/deps/darwin_arm64 v0.0.0-20241204042837-b89a2a1babcb h1:DfZptg9ioJigDsMh99rctRL48AOzdtIIswXG72xwkxk=
github.com/tommie/v8go/deps/darwin_arm64 v0.0.0-20241204042837-b89a2a1babcb/go.mod h1:bd8hssu+JaGC4mIE9SukKia0TYs5v977mNodhgpJrdo=
github.com/tommie/v8go/deps/darwin_arm64 v0.0.0-20241211041713-ef5be514183e h1:i9efen/RZDeksTh5nmL9l+yfHOIh9NtQi3hCXdBX8sE=
github.com/tommie/v8go/deps/darwin_arm64 v0.0.0-20241211041713-ef5be514183e/go.mod h1:bd8hssu+JaGC4mIE9SukKia0TYs5v977mNodhgpJrdo=
github.com/tommie/v8go/deps/darwin_arm64 v0.0.0-20241219041445-22cac2951eb8 h1:JM/nTRvG3F+tobdipSRFMBcbbb5AICYX+K1/J/YgsUo=
github.com/tommie/v8go/deps/darwin_arm64 v0.0.0-20241219041445-22cac2951eb8/go.mod h1:bd8hssu+JaGC4mIE9SukKia0TYs5v977mNodhgpJrdo=
github.com/tommie/v8go/deps/darwin_arm64 v0.0.0-20250108040153-ebd8a7128faf h1:sZpL6PiIoGvUYsfPYJDbbFwQ8yTR0KnyWAn9Kg8cP68=
github.com/tommie/v8go/deps/darwin_arm64 v0.0.0-20250108040153-ebd8a7128faf/go.mod h1:bd8hssu+JaGC4mIE9SukKia0TYs5v977mNodhgpJrdo=
github.com/tommie/v8go/deps/darwin_arm64 v0.0.0-20250210040321-50198612298a h1:IF2FpXNEfrjpj6nDZpAsB6IDF1JBX2Agg1rOi9PIhn8=
github.com/tommie/v8go/deps/darwin_arm64 v0.0.0-20250210040321-50198612298a/go.mod h1:bd8hssu+JaGC4mIE9SukKia0TYs5v977mNodhgpJrdo=
github.com/tommie/v8go/deps/linux_amd64 v0.0.0-20231230100618-7370d03fcda3 h1:pb6ELR3+XRJmUqDM51gHRg87z6rJvMzm9pJqO86dp+Y=
github.com/tommie/v8go/deps/linux_amd64 v0.0.0-20231230100618-7370d03fcda3/go.mod h1:x+ZODfvTFg4K3B1cUQEiXWd0BbRxzZbxMR3P79eHc+M=
github.com/tommie/v8go/deps/linux_amd64 v0.0.0-20231230103237-af527c0f9162 h1:vu1mgaf338otcC5gbX2ydkiAvj8zMb0SVQoK4rONj9M=
github.com/tommie/v8go/deps/linux_amd64 v0.0.0-20231230103237-af527c0f9162/go.mod h1:ZKG7g6Rah4/ZRzb07qFrQI/EPSm2PMj1cN/9y4fxgO8=
github.com/tommie/v8go/deps/linux_amd64 v0.0.0-20240302090806-30267dcc03a7 h1:QT/6desB9Fe+gjkKBrGRYxy6zWvjfC9cpwM5PUsrMns=
github.com/tommie/v8go/deps/linux_amd64 v0.0.0-20240302090806-30267dcc03a7/go.mod h1:ZKG7g6Rah4/ZRzb07qFrQI/EPSm2PMj1cN/9y4fxgO8=
github.com/tommie/v8go/deps/linux_amd64 v0.0.0-20240306072336-ff4bbd736d33 h1:qMvPHKR2SmyhP2bINVRAjKMYdViqBq/3OSGpjOw3ihQ=
github.com/tommie/v8go/deps/linux_amd64 v0.0.0-20240306072336-ff4bbd736d33/go.mod h1:ZKG7g6Rah4/ZRzb07qFrQI/EPSm2PMj1cN/9y4fxgO8=
github.com/tommie/v8go/deps/linux_amd64 v0.0.0-20240313093125-f028e28563f7 h1:KuVyRJ5kjs1wwtlfnJZyrJk0B1UKsAfTz15idPziK+8=
github.com/tommie/v8go/deps/linux_amd64 v0.0.0-20240313093125-f028e28563f7/go.mod h1:ZKG7g6Rah4/ZRzb07qFrQI/EPSm2PMj1cN/9y4fxgO8=
github.com/tommie/v8go/deps/linux_amd64 v0.0.0-20240321110314-3f06c4185658 h1:uwf+oHrS+EcqJanv7YKdFFA4pWa5SeZeyrQNHc4GBN0=
github.com/tommie/v8go/deps/linux_amd64 v0.0.0-20240321110314-3f06c4185658/go.mod h1:ZKG7g6Rah4/ZRzb07qFrQI/EPSm2PMj1cN/9y4fxgO8=
github.com/tommie/v8go/deps/linux_amd64 v0.0.0-20240501150430-eeb2274ce183 h1:GVhguGceYaazhXZDQT0ebY9TbCv9j5UJvU1cAW4t84Y=
github.com/tommie/v8go/deps/linux_amd64 v0.0.0-20240501150430-eeb2274ce183/go.mod h1:ZKG7g6Rah4/ZRzb07qFrQI/EPSm2PMj1cN/9y4fxgO8=
github.com/tommie/v8go/deps/linux_amd64 v0.0.0-20240717175338-34f5204ee7ad h1:gQofR+6xltvaWE/evWY9pBfHZkr0GBk+DgdwwlDRg1o=
github.com/tommie/v8go/deps/linux_amd64 v0.0.0-20240717175338-34f5204ee7ad/go.mod h1:ZKG7g6Rah4/ZRzb07qFrQI/EPSm2PMj1cN/9y4fxgO8=
github.com/tommie/v8go/deps/linux_amd64 v0.0.0-20240724033838-9001ac2c1349 h1:3HieottVDljXqSvPGrmhMISlYjmWYr3cP4l5/J069fE=
github.com/tommie/v8go/deps/linux_amd64 v0.0.0-20240724033838-9001ac2c1349/go.mod h1:ZKG7g6Rah4/ZRzb07qFrQI/EPSm2PMj1cN/9y4fxgO8=
github.com/tommie/v8go/deps/linux_amd64 v0.0.0-20240807034838-39b7df0ab20d h1:VKRzddZQWBe+p7B+nQ8bklFz+HCgPNvFozyt0md1Ryg=
github.com/tommie/v8go/deps/linux_amd64 v0.0.0-20240807034838-39b7df0ab20d/go.mod h1:ZKG7g6Rah4/ZRzb07qFrQI/EPSm2PMj1cN/9y4fxgO8=
github.com/tommie/v8go/deps/linux_amd64 v0.0.0-20240918040548-62f574c958a7 h1:JUuTADfzueHBcsdo76kltPQswBFOhNR52CV+nY5wuiA=
github.com/tommie/v8go/deps/linux_amd64 v0.0.0-20240918040548-62f574c958a7/go.mod h1:ZKG7g6Rah4/ZRzb07qFrQI/EPSm2PMj1cN/9y4fxgO8=
github.com/tommie/v8go/deps/linux_amd64 v0.0.0-20240925035243-d931985bce1a h1:DiJnmDBANHu5nyB14P2QnZenOdNzbpq4HA3qB/ldTj4=
github.com/tommie/v8go/deps/linux_amd64 v0.0.0-20240925035243-d931985bce1a/go.mod h1:ZKG7g6Rah4/ZRzb07qFrQI/EPSm2PMj1cN/9y4fxgO8=
github.com/tommie/v8go/deps/linux_amd64 v0.0.0-20241002195935-09cd34cc6941 h1:TBmhuqfPu/1r38pEMkDxNImwP4xoLPo3qrh9BtAup9o=
github.com/tommie/v8go/deps/linux_amd64 v0.0.0-20241002195935-09cd34cc6941/go.mod h1:ZKG7g6Rah4/ZRzb07qFrQI/EPSm2PMj1cN/9y4fxgO8=
github.com/tommie/v8go/deps/linux_amd64 v0.0.0-20241009031011-60c6ece26e64 h1:KzYKYX7h8g/HqitxYT3ixnA96n5WGbSCq5/BLbtzsHY=
github.com/tommie/v8go/deps/linux_amd64 v0.0.0-20241009031011-60c6ece26e64/go.mod h1:ZKG7g6Rah4/ZRzb07qFrQI/EPSm2PMj1cN/9y4fxgO8=
github.com/tommie/v8go/deps/linux_amd64 v0.0.0-20241016041625-dcaa1266e86d h1:sDy2xqxF0OFNoVI/BIiSjOPEBRv4B+/4DvOq/B5FYSE=
github.com/tommie/v8go/deps/linux_amd64 v0.0.0-20241016041625-dcaa1266e86d/go.mod h1:ZKG7g6Rah4/ZRzb07qFrQI/EPSm2PMj1cN/9y4fxgO8=
github.com/tommie/v8go/deps/linux_amd64 v0.0.0-20241022000900-7bf66debf377 h1:Y74slxNn5oqbxaGXjwfCnGj9Vze+HlvHjn7p/oIVfV0=
github.com/tommie/v8go/deps/linux_amd64 v0.0.0-20241022000900-7bf66debf377/go.mod h1:ZKG7g6Rah4/ZRzb07qFrQI/EPSm2PMj1cN/9y4fxgO8=
github.com/tommie/v8go/deps/linux_amd64 v0.0.0-20241023013435-d8e1c56d9e6a h1:9vBNAgk7VtbWrje9A7rlBVSYDhH+6pdTN7MYSYesALI=
github.com/tommie/v8go/deps/linux_amd64 v0.0.0-20241023013435-d8e1c56d9e6a/go.mod h1:ZKG7g6Rah4/ZRzb07qFrQI/EPSm2PMj1cN/9y4fxgO8=
github.com/tommie/v8go/deps/linux_amd64 v0.0.0-20241113041457-7fa174bc3d5d h1:4+JaPDqXRJy2kTCouhU0nqVqexCj+zcE1jZyjVEiw8Y=
github.com/tommie/v8go/deps/linux_amd64 v0.0.0-20241113041457-7fa174bc3d5d/go.mod h1:ZKG7g6Rah4/ZRzb07qFrQI/EPSm2PMj1cN/9y4fxgO8=
github.com/tommie/v8go/deps/linux_amd64 v0.0.0-20241120014618-600b79efdaf9 h1:gpeNv7M/IbFf+CfLC1d8xe+Ho3rdSOhRy2iDIMqTtqs=
github.com/tommie/v8go/deps/linux_amd64 v0.0.0-20241120014618-600b79efdaf9/go.mod h1:ZKG7g6Rah4/ZRzb07qFrQI/EPSm2PMj1cN/9y4fxgO8=
github.com/tommie/v8go/deps/linux_amd64 v0.0.0-20241204042837-b89a2a1babcb h1:oldgA4pPrLWjyK/aP9hnlSs+GbLuJjddsDBRjIOC0iA=
github.com/tommie/v8go/deps/linux_amd64 v0.0.0-20241204042837-b89a2a1babcb/go.mod h1:ZKG7g6Rah4/ZRzb07qFrQI/EPSm2PMj1cN/9y4fxgO8=
github.com/tommie/v8go/deps/linux_amd64 v0.0.0-20241211041713-ef5be514183e h1:Ro/d6zgLPjnC3uddHP5yeShF+vBKqOgfeqBmcn0EDFE=
github.com/tommie/v8go/deps/linux_amd64 v0.0.0-20241211041713-ef5be514183e/go.mod h1:ZKG7g6Rah4/ZRzb07qFrQI/EPSm2PMj1cN/9y4fxgO8=
github.com/tommie/v8go/deps/linux_amd64 v0.0.0-20241219041445-22cac2951eb8 h1:fl1qJAbVbC2aVwTlN47GhA7Y+N9vyaUQ2MefvQl/eTo=
github.com/tommie/v8go/deps/linux_amd64 v0.0.0-20241219041445-22cac2951eb8/go.mod h1:ZKG7g6Rah4/ZRzb07qFrQI/EPSm2PMj1cN/9y4fxgO8=
github.com/tommie/v8go/deps/linux_amd64 v0.0.0-20250108040153-ebd8a7128faf h1:W/S5zFzNisw1BAxGRowYh/SyB58Vikff+wX7Vpufsyc=
github.com/tommie/v8go/deps/linux_amd64 v0.0.0-20250108040153-ebd8a7128faf/go.mod h1:ZKG7g6Rah4/ZRzb07qFrQI/EPSm2PMj1cN/9y4fxgO8=
github.com/tommie/v8go/deps/linux_amd64 v0.0.0-20250210040321-50198612298a h1:kTKBMv8mKIYW6SnsJLEfU/qmK260P+XxSdQxy+GoK4M=
github.com/tommie/v8go/deps/linux_amd64 v0.0.0-20250210040321-50198612298a/go.mod h1:ZKG7g6Rah4/ZRzb07qFrQI/EPSm2PMj1cN/9y4fxgO8=
github.com/tommie/v8go/deps/linux_arm64 v0.0.0-20231230100618-7370d03fcda3 h1:bPfGUlNy2iCPbLOEk5bCXAWQEHn/H7gYSeiVm09dFZg=
github.com/tommie/v8go/deps/linux_arm64 v0.0.0-20231230100618-7370d03fcda3/go.mod h1:RRqUJUvKTf8jnA3reWNlunWV3Bg3yJSbasm6j6UDBHc=
github.com/tommie/v8go/deps/linux_arm64 v0.0.0-20231230103237-af527c0f9162 h1:hMa9wyDSpc5anaep3xpP4F8netl0au1YpW5pYOuLH08=
github.com/tommie/v8go/deps/linux_arm64 v0.0.0-20231230103237-af527c0f9162/go.mod h1:B/myVnZ82IRgW//OzDnHArcOzW8Yq7FbWnMnYPbZ0Hc=
github.com/tommie/v8go/deps/linux_arm64 v0.0.0-20240302090806-30267dcc03a7 h1:2ZDaZmX8qV8rhxKx1t8yEtYBZlTeYY95RFNwqHp8u4c=
github.com/tommie/v8go/deps/linux_arm64 v0.0.0-20240302090806-30267dcc03a7/go.mod h1:B/myVnZ82IRgW//OzDnHArcOzW8Yq7FbWnMnYPbZ0Hc=
github.com/tommie/v8go/deps/linux_arm64 v0.0.0-20240306072336-ff4bbd736d33 h1:o/iX4OcQvYakj7x6VqaiKjeCtprmgSLFZfLk67kjCFY=
github.com/tommie/v8go/deps/linux_arm64 v0.0.0-20240306072336-ff4bbd736d33/go.mod h1:B/myVnZ82IRgW//OzDnHArcOzW8Yq7FbWnMnYPbZ0Hc=
github.com/tommie/v8go/deps/linux_arm64 v0.0.0-20240313093125-f028e28563f7 h1:9bxlsQzECwcGqdMiruojdqoGJ9e5k91bV7nzD780Fxw=
github.com/tommie/v8go/deps/linux_arm64 v0.0.0-20240313093125-f028e28563f7/go.mod h1:B/myVnZ82IRgW//OzDnHArcOzW8Yq7FbWnMnYPbZ0Hc=
github.com/tommie/v8go/deps/linux_arm64 v0.0.0-20240321110314-3f06c4185658 h1:tT5OqFm33DAXyK5MQhfhihtrag1kiTx3m9PpBe0E2nk=
github.com/tommie/v8go/deps/linux_arm64 v0.0.0-20240321110314-3f06c4185658/go.mod h1:B/myVnZ82IRgW//OzDnHArcOzW8Yq7FbWnMnYPbZ0Hc=
github.com/tommie/v8go/deps/linux_arm64 v0.0.0-20240501150430-eeb2274ce183 h1:G88jNgZXPFl/HZkP2PIEshSp8HNXc4Ei/bVRbFYXG+8=
github.com/tommie/v8go/deps/linux_arm64 v0.0.0-20240501150430-eeb2274ce183/go.mod h1:B/myVnZ82IRgW//OzDnHArcOzW8Yq7FbWnMnYPbZ0Hc=
github.com/tommie/v8go/deps/linux_arm64 v0.0.0-20240717175338-34f5204ee7ad h1:MBjfjKsb83uXJLMl9QITm6pN4Ad2robyhDqbC97+Azg=
github.com/tommie/v8go/deps/linux_arm64 v0.0.0-20240717175338-34f5204ee7ad/go.mod h1:B/myVnZ82IRgW//OzDnHArcOzW8Yq7FbWnMnYPbZ0Hc=
github.com/tommie/v8go/deps/linux_arm64 v0.0.0-20240724033838-9001ac2c1349 h1:bAG6eO/h/4eo78KpA6hTvRrVJad29BNIz5kOyYCDvck=
github.com/tommie/v8go/deps/linux_arm64 v0.0.0-20240724033838-9001ac2c1349/go.mod h1:B/myVnZ82IRgW//OzDnHArcOzW8Yq7FbWnMnYPbZ0Hc=
github.com/tommie/v8go/deps/linux_arm64 v0.0.0-20240807034838-39b7df0ab20d h1:dtz5cUBnHBJr9P/pfJ0KLNY+4chWW1OfltatM8GwRsc=
github.com/tommie/v8go/deps/linux_arm64 v0.0.0-20240807034838-39b7df0ab20d/go.mod h1:B/myVnZ82IRgW//OzDnHArcOzW8Yq7FbWnMnYPbZ0Hc=
github.com/tommie/v8go/deps/linux_arm64 v0.0.0-20240918040548-62f574c958a7 h1:InMYhj5iNI78SWsXfsFwqKDct4OIQwxEsjdRFANaxWU=
github.com/tommie/v8go/deps/linux_arm64 v0.0.0-20240918040548-62f574c958a7/go.mod h1:B/myVnZ82IRgW//OzDnHArcOzW8Yq7FbWnMnYPbZ0Hc=
github.com/tommie/v8go/deps/linux_arm64 v0.0.0-20240925035243-d931985bce1a h1:9odR/VOZZQqZ005459/Y32fyNIjSjm3VoxFqJ+Ng0LY=
github.com/tommie/v8go/deps/linux_arm64 v0.0.0-20240925035243-d931985bce1a/go.mod h1:B/myVnZ82IRgW//OzDnHArcOzW8Yq7FbWnMnYPbZ0Hc=
github.com/tommie/v8go/deps/linux_arm64 v0.0.0-20241002195935-09cd34cc6941 h1:DMXnLvyxwbf0BQPC4b1easjXRsUUXwqXQj5wxE2RN2w=
github.com/tommie/v8go/deps/linux_arm64 v0.0.0-20241002195935-09cd34cc6941/go.mod h1:B/myVnZ82IRgW//OzDnHArcOzW8Yq7FbWnMnYPbZ0Hc=
github.com/tommie/v8go/deps/linux_arm64 v0.0.0-20241009031011-60c6ece26e64 h1:Y+bKKS5Xp/zKv/blNQ7+i5nRwyzyAFqH+SSxJckvFR8=
github.com/tommie/v8go/deps/linux_arm64 v0.0.0-20241009031011-60c6ece26e64/go.mod h1:B/myVnZ82IRgW//OzDnHArcOzW8Yq7FbWnMnYPbZ0Hc=
github.com/tommie/v8go/deps/linux_arm64 v0.0.0-20241016041625-dcaa1266e86d h1:+a0ebMZOKAJpCwjYipFHoih/yhDfxA3lEaPtclaGgW4=
github.com/tommie/v8go/deps/linux_arm64 v0.0.0-20241016041625-dcaa1266e86d/go.mod h1:B/myVnZ82IRgW//OzDnHArcOzW8Yq7FbWnMnYPbZ0Hc=
github.com/tommie/v8go/deps/linux_arm64 v0.0.0-20241022000900-7bf66debf377 h1:7s7VEcQ7Yx+PXoz5gm4WAQwPDEhgKqGa+qd7LKnaQQE=
github.com/tommie/v8go/deps/linux_arm64 v0.0.0-20241022000900-7bf66debf377/go.mod h1:B/myVnZ82IRgW//OzDnHArcOzW8Yq7FbWnMnYPbZ0Hc=
github.com/tommie/v8go/deps/linux_arm64 v0.0.0-20241023013435-d8e1c56d9e6a h1:JTgdkgIMNGeTDo+QRdZjLrJjH1HojsP2QmOzB/zL9dM=
github.com/tommie/v8go/deps/linux_arm64 v0.0.0-20241023013435-d8e1c56d9e6a/go.mod h1:B/myVnZ82IRgW//OzDnHArcOzW8Yq7FbWnMnYPbZ0Hc=
github.com/tommie/v8go/deps/linux_arm64 v0.0.0-20241113041457-7fa174bc3d5d h1:RxqlekJpgkcXSYdcCbs09Yh3CZCf/1QYiKkH+xHghpo=
github.com/tommie/v8go/deps/linux_arm64 v0.0.0-20241113041457-7fa174bc3d5d/go.mod h1:B/myVnZ82IRgW//OzDnHArcOzW8Yq7FbWnMnYPbZ0Hc=
github.com/tommie/v8go/deps/linux_arm64 v0.0.0-20241120014618-600b79efdaf9 h1:57yfvxoQwVtxpfPFKb0bA6YWpgTLB+YwkQTAXFCO4ps=
github.com/tommie/v8go/deps/linux_arm64 v0.0.0-20241120014618-600b79efdaf9/go.mod h1:B/myVnZ82IRgW//OzDnHArcOzW8Yq7FbWnMnYPbZ0Hc=
github.com/tommie/v8go/deps/linux_arm64 v0.0.0-20241204042837-b89a2a1babcb h1:L1FYfLN2djq0PnUT5EA1eJcO4dsLo4L7t2rHP1paQ3M=
github.com/tommie/v8go/deps/linux_arm64 v0.0.0-20241204042837-b89a2a1babcb/go.mod h1:B/myVnZ82IRgW//OzDnHArcOzW8Yq7FbWnMnYPbZ0Hc=
github.com/tommie/v8go/deps/linux_arm64 v0.0.0-20241211041713-ef5be514183e h1:5Xjs4bOCQkmiVk4NYDCNcFt8zWS9mxTKGUvl6sUW7SM=
github.com/tommie/v8go/deps/linux_arm64 v0.0.0-20241211041713-ef5be514183e/go.mod h1:B/myVnZ82IRgW//OzDnHArcOzW8Yq7FbWnMnYPbZ0Hc=
github.com/tommie/v8go/deps/linux_arm64 v0.0.0-20241219041445-22cac2951eb8 h1:7EMbiS3zKQJTrd5gecJD4oqaNej9dtW36mnNZdOjDag=
github.com/tommie/v8go/deps/linux_arm64 v0.0.0-20241219041445-22cac2951eb8/go.mod h1:B/myVnZ82IRgW//OzDnHArcOzW8Yq7FbWnMnYPbZ0Hc=
github.com/tommie/v8go/deps/linux_arm64 v0.0.0-20250108040153-ebd8a7128faf h1:WLyo0MycCXKNe5PZu96qPipQ8RrVQcyxuKYuN8gljS0=
github.com/tommie/v8go/deps/linux_arm64 v0.0.0-20250108040153-ebd8a7128faf/go.mod h1:B/myVnZ82IRgW//OzDnHArcOzW8Yq7FbWnMnYPbZ0Hc=
github.com/tommie/v8go/deps/linux_arm64 v0.0.0-20250210040321-50198612298a h1:6fCZc/kMnKYGNKAkUnQ73Pd3+WnnxO4aArjdlnKvBW8=
github.com/tommie/v8go/deps/linux_arm64 v0.0.0-20250210040321-50198612298a/go.mod h1:B/myVnZ82IRgW//OzDnHArcOzW8Yq7FbWnMnYPbZ0Hc=
