github.com/tommie/v8go/deps/android_amd64 v0.0.0-20231230100618-7370d03fcda3 h1:a4nMLaoseAYgEbWADFmEj6c06OiPvQsFUs24qNVSRbE=
github.com/tommie/v8go/deps/android_amd64 v0.0.0-20231230100618-7370d03fcda3/go.mod h1:P3Y430vJQICpWshYTlJ4F7d80w5CQfWG+y1Av72oYiI=
github.com/tommie/v8go/deps/android_amd64 v0.0.0-20231230103237-af527c0f9162 h1:CHOpv+ZL1edx5JYBp35VbToIc/Zve3+LvdPLogg/AW0=
github.com/tommie/v8go/deps/android_amd64 v0.0.0-20231230103237-af527c0f9162/go.mod h1:+SU4RWSqMXAx2oR/Gzkyc1YAG6F8SCzttMv3sZkh+qY=
github.com/tommie/v8go/deps/android_amd64 v0.0.0-20240302090806-30267dcc03a7 h1:hX9az7wN3RLwUV3eD0YhpxIv3ZRvYYdnp5EhGfCCUAY=
github.com/tommie/v8go/deps/android_amd64 v0.0.0-20240302090806-30267dcc03a7/go.mod h1:+SU4RWSqMXAx2oR/Gzkyc1YAG6F8SCzttMv3sZkh+qY=
github.com/tommie/v8go/deps/android_arm64 v0.0.0-20231230100618-7370d03fcda3 h1:J3kwUe2wvmJJKpzLxu0AtpOtxuUcj28USnSw+pG2hu4=
github.com/tommie/v8go/deps/android_arm64 v0.0.0-20231230100618-7370d03fcda3/go.mod h1:VoiPjUf1OwfkR/KS0D6PLF1axid06DuCptoyTkDKHiI=
github.com/tommie/v8go/deps/android_arm64 v0.0.0-20231230103237-af527c0f9162 h1:3xZ/z33BeyuORT+e7eJvN07L2SMnx9P9seBWbdBMUno=
github.com/tommie/v8go/deps/android_arm64 v0.0.0-20231230103237-af527c0f9162/go.mod h1:cR4ynUc528GmLCLOb3c1iM2d6qZ5DCVHh+eAD7sJDBQ=
github.com/tommie/v8go/deps/android_arm64 v0.0.0-20240302090806-30267dcc03a7 h1:wnV91RrGNO85AEuLHw192w0BfAJ8g3T8aWJHggVMUsU=
github.com/tommie/v8go/deps/android_arm64 v0.0.0-20240302090806-30267dcc03a7/go.mod h1:cR4ynUc528GmLCLOb3c1iM2d6qZ5DCVHh+eAD7sJDBQ=
github.com/tommie/v8go/deps/darwin_amd64 v0.0.0-20231230100618-7370d03fcda3 h1:jrg7Efoq74lZjPHtjJ/ak5FtV/Tp6LRZ8gew9dAR2cg=
github.com/tommie/v8go/deps/darwin_amd64 v0.0.0-20231230100618-7370d03fcda3/go.mod h1:rnquNHGZ2NABmOB0KxdkoZr2oaECO2XWOcgHqRO7P7Y=
github.com/tommie/v8go/deps/darwin_amd64 v0.0.0-20231230103237-af527c0f9162 h1:H3iQLbhHo0KVCtxbzgeO9PCRxuU2ZZ3pr7HGCpv/o4c=
github.com/tommie/v8go/deps/darwin_amd64 v0.0.0-20231230103237-af527c0f9162/go.mod h1:0qn9w9F7mniTrixPYggJNQQtpAkb9OKY3STy3SSEBi4=
github.com/tommie/v8go/deps/darwin_amd64 v0.0.0-20240302090806-30267dcc03a7 h1:286HbgRL0uyNHzg/4BUa92qo1G7Eot1s4J3cPJjZvYQ=
github.com/tommie/v8go/deps/darwin_amd64 v0.0.0-20240302090806-30267dcc03a7/go.mod h1:0qn9w9F7mniTrixPYggJNQQtpAkb9OKY3STy3SSEBi4=
github.com/tommie/v8go/deps/darwin_arm64 v0.0.0-20231230100618-7370d03fcda3 h1:MbaHR6QuRkugLCSInzAAyCggSwmqz+KW3C92LaZNJm8=
github.com/tommie/v8go/deps/darwin_arm64 v0.0.0-20231230100618-7370d03fcda3/go.mod h1:nXZZ5Y/Nhe0guNiFf66Nfs4ELgYlOsyYx4gD1HnGIeA=
github.com/tommie/v8go/deps/darwin_arm64 v0.0.0-20231230103237-af527c0f9162 h1:Ittk3R4WqsCusgMcHHPk7xtx7UMMIgU9ASj86vZUf48=
github.com/tommie/v8go/deps/darwin_arm64 v0.0.0-20231230103237-af527c0f9162/go.mod h1:bd8hssu+JaGC4mIE9SukKia0TYs5v977mNodhgpJrdo=
github.com/tommie/v8go/deps/darwin_arm64 v0.0.0-20240302090806-30267dcc03a7 h1:9J9xJSJ9LPqgHURs620e7g0VNO/EDp0RgAff7BtLwH4=
github.com/tommie/v8go/deps/darwin_arm64 v0.0.0-20240302090806-30267dcc03a7/go.mod h1:bd8hssu+JaGC4mIE9SukKia0TYs5v977mNodhgpJrdo=
github.com/tommie/v8go/deps/linux_amd64 v0.0.0-20231230100618-7370d03fcda3 h1:pb6ELR3+XRJmUqDM51gHRg87z6rJvMzm9pJqO86dp+Y=
github.com/tommie/v8go/deps/linux_amd64 v0.0.0-20231230100618-7370d03fcda3/go.mod h1:x+ZODfvTFg4K3B1cUQEiXWd0BbRxzZbxMR3P79eHc+M=
github.com/tommie/v8go/deps/linux_amd64 v0.0.0-20231230103237-af527c0f9162 h1:vu1mgaf338otcC5gbX2ydkiAvj8zMb0SVQoK4rONj9M=
github.com/tommie/v8go/deps/linux_amd64 v0.0.0-20231230103237-af527c0f9162/go.mod h1:ZKG7g6Rah4/ZRzb07qFrQI/EPSm2PMj1cN/9y4fxgO8=
github.com/tommie/v8go/deps/linux_amd64 v0.0.0-20240302090806-30267dcc03a7 h1:QT/6desB9Fe+gjkKBrGRYxy6zWvjfC9cpwM5PUsrMns=
github.com/tommie/v8go/deps/linux_amd64 v0.0.0-20240302090806-30267dcc03a7/go.mod h1:ZKG7g6Rah4/ZRzb07qFrQI/EPSm2PMj1cN/9y4fxgO8=
github.com/tommie/v8go/deps/linux_arm64 v0.0.0-20231230100618-7370d03fcda3 h1:bPfGUlNy2iCPbLOEk5bCXAWQEHn/H7gYSeiVm09dFZg=
github.com/tommie/v8go/deps/linux_arm64 v0.0.0-20231230100618-7370d03fcda3/go.mod h1:RRqUJUvKTf8jnA3reWNlunWV3Bg3yJSbasm6j6UDBHc=
github.com/tommie/v8go/deps/linux_arm64 v0.0.0-20231230103237-af527c0f9162 h1:hMa9wyDSpc5anaep3xpP4F8netl0au1YpW5pYOuLH08=
github.com/tommie/v8go/deps/linux_arm64 v0.0.0-20231230103237-af527c0f9162/go.mod h1:B/myVnZ82IRgW//OzDnHArcOzW8Yq7FbWnMnYPbZ0Hc=
github.com/tommie/v8go/deps/linux_arm64 v0.0.0-20240302090806-30267dcc03a7 h1:2ZDaZmX8qV8rhxKx1t8yEtYBZlTeYY95RFNwqHp8u4c=
github.com/tommie/v8go/deps/linux_arm64 v0.0.0-20240302090806-30267dcc03a7/go.mod h1:B/myVnZ82IRgW//OzDnHArcOzW8Yq7FbWnMnYPbZ0Hc=
